
Microsoft Visual Studio Solution File, Format Version 12.00
# Visual Studio Version 16
VisualStudioVersion = 16.0.30011.22
MinimumVisualStudioVersion = 10.0.40219.1
Project("{8BC9CEB8-8B4A-11D0-8D11-00A0C91BC942}") = "drni", "drni\drni.vcxproj", "{F37806B4-218D-4E67-8C9A-A90498CDB092}"
EndProject
Global
	GlobalSection(SolutionConfigurationPlatforms) = preSolution
		Debug|x64 = Debug|x64
		Debug|x86 = Debug|x86
		Release|x64 = Release|x64
		Release|x86 = Release|x86
	EndGlobalSection
	GlobalSection(ProjectConfigurationPlatforms) = postSolution
		{F37806B4-218D-4E67-8C9A-A90498CDB092}.Debug|x64.ActiveCfg = Debug|x64
		{F37806B4-218D-4E67-8C9A-A90498CDB092}.Debug|x64.Build.0 = Debug|x64
		{F37806B4-218D-4E67-8C9A-A90498CDB092}.Debug|x86.ActiveCfg = Debug|Win32
		{F37806B4-218D-4E67-8C9A-A90498CDB092}.Debug|x86.Build.0 = Debug|Win32
		{F37806B4-218D-4E67-8C9A-A90498CDB092}.Release|x64.ActiveCfg = Release|x64
		{F37806B4-218D-4E67-8C9A-A90498CDB092}.Release|x64.Build.0 = Release|x64
		{F37806B4-218D-4E67-8C9A-A90498CDB092}.Release|x86.ActiveCfg = Release|Win32
		{F37806B4-218D-4E67-8C9A-A90498CDB092}.Release|x86.Build.0 = Release|Win32
	EndGlobalSection
	GlobalSection(SolutionProperties) = preSolution
		HideSolutionNode = FALSE
	EndGlobalSection
	GlobalSection(ExtensibilityGlobals) = postSolution
		SolutionGuid = {B9A30CE9-704B-45DC-873A-A4017EAEB828}
	EndGlobalSection
EndGlobal
